Microsoft Visual Studio Solution File, Format Version 12.00
# Visual Studio Version 17
VisualStudioVersion = 17.0.31717.71
MinimumVisualStudioVersion = 10.0.40219.1
Project("{9A19103F-16F7-4668-BE54-9A1E7A4F7556}") = "PhishSceptic", "PhishSceptic.csproj", "{746055D9-8588-4C48-A91F-B6FECD9878A3}"
EndProject
Global
	GlobalSection(SolutionConfigurationPlatforms) = preSolution
		Debug|Any CPU = Debug|Any CPU
		Release|Any CPU = Release|Any CPU
	EndGlobalSection
	GlobalSection(ProjectConfigurationPlatforms) = postSolution
		{746055D9-8588-4C48-A91F-B6FECD9878A3}.Debug|Any CPU.ActiveCfg = Debug|Any CPU
		{746055D9-8588-4C48-A91F-B6FECD9878A3}.Debug|Any CPU.Build.0 = Debug|Any CPU
		{746055D9-8588-4C48-A91F-B6FECD9878A3}.Release|Any CPU.ActiveCfg = Release|Any CPU
		{746055D9-8588-4C48-A91F-B6FECD9878A3}.Release|Any CPU.Build.0 = Release|Any CPU
	EndGlobalSection
	GlobalSection(SolutionProperties) = preSolution
		HideSolutionNode = FALSE
	EndGlobalSection
	GlobalSection(ExtensibilityGlobals) = postSolution
		SolutionGuid = {A29007A7-F375-4585-B448-BD8D959F357F}
	EndGlobalSection
EndGlobal
